# This file is automatically @generated by Cargo.
# It is not intended for manual editing.
version = 4

[[package]]
name = "weir-bench"
version = "0.1.0"
dependencies = [
 "weir-client",
 "weir-core",
]

[[package]]
name = "weir-client"
version = "0.1.0"
dependencies = [
 "weir-core",
]

[[package]]
name = "weir-core"
version = "0.1.0"

[[package]]
name = "weir-server"
version = "0.1.0"
dependencies = [
 "weir-core",
]
